
Microsoft Visual Studio Solution File, Format Version 12.00
# Visual Studio Version 17
VisualStudioVersion = 17.3.32825.248
MinimumVisualStudioVersion = 10.0.40219.1
Project("{FAE04EC0-301F-11D3-BF4B-00C04F79EFBC}") = "Chita309KP", "Chita309KP\Chita309KP.csproj", "{63329DCB-86E9-4B11-8B4F-34E60516FAD1}"
EndProject
Global
	GlobalSection(SolutionConfigurationPlatforms) = preSolution
		Debug|Any CPU = Debug|Any CPU
		Release|Any CPU = Release|Any CPU
	EndGlobalSection
	GlobalSection(ProjectConfigurationPlatforms) = postSolution
		{63329DCB-86E9-4B11-8B4F-34E60516FAD1}.Debug|Any CPU.ActiveCfg = Debug|Any CPU
		{63329DCB-86E9-4B11-8B4F-34E60516FAD1}.Debug|Any CPU.Build.0 = Debug|Any CPU
		{63329DCB-86E9-4B11-8B4F-34E60516FAD1}.Release|Any CPU.ActiveCfg = Release|Any CPU
		{63329DCB-86E9-4B11-8B4F-34E60516FAD1}.Release|Any CPU.Build.0 = Release|Any CPU
	EndGlobalSection
	GlobalSection(SolutionProperties) = preSolution
		HideSolutionNode = FALSE
	EndGlobalSection
	GlobalSection(ExtensibilityGlobals) = postSolution
		SolutionGuid = {5F86085D-08CB-4D5A-98FE-93A35CE79BDB}
	EndGlobalSection
EndGlobal
